// !$*UTF8*$!
{
	archiveVersion = 1;
	classes = {
	};
	objectVersion = 50;
	objects = {

/* Begin PBXBuildFile section */
		E05EE56B252A3E7300BC5688 /* AppDelegate.swift in Sources */ = {isa = PBXBuildFile; fileRef = E05EE56A252A3E7300BC5688 /* AppDelegate.swift */; };
		E05EE56D252A3E7300BC5688 /* SceneDelegate.swift in Sources */ = {isa = PBXBuildFile; fileRef = E05EE56C252A3E7300BC5688 /* SceneDelegate.swift */; };
		E05EE56F252A3E7300BC5688 /* ContentView.swift in Sources */ = {isa = PBXBuildFile; fileRef = E05EE56E252A3E7300BC5688 /* ContentView.swift */; };
		E05EE571252A3E8B00BC5688 /* Assets.xcassets in Resources */ = {isa = PBXBuildFile; fileRef = E05EE570252A3E8B00BC5688 /* Assets.xcassets */; };
		E05EE574252A3E8B00BC5688 /* Preview Assets.xcassets in Resources */ = {isa = PBXBuildFile; fileRef = E05EE573252A3E8B00BC5688 /* Preview Assets.xcassets */; };
		E05EE577252A3E8B00BC5688 /* LaunchScreen.storyboard in Resources */ = {isa = PBXBuildFile; fileRef = E05EE575252A3E8B00BC5688 /* LaunchScreen.storyboard */; };
		E05EE582252A3E8B00BC5688 /* SwiftUITutorialTests.swift in Sources */ = {isa = PBXBuildFile; fileRef = E05EE581252A3E8B00BC5688 /* SwiftUITutorialTests.swift */; };
		E05EE58D252A3E8B00BC5688 /* SwiftUITutorialUITests.swift in Sources */ = {isa = PBXBuildFile; fileRef = E05EE58C252A3E8B00BC5688 /* SwiftUITutorialUITests.swift */; };
		E05EE5A1252A437D00BC5688 /* menu.json in Resources */ = {isa = PBXBuildFile; fileRef = E05EE59D252A437C00BC5688 /* menu.json */; };
		E05EE5A2252A437D00BC5688 /* Helper.swift in Sources */ = {isa = PBXBuildFile; fileRef = E05EE59E252A437C00BC5688 /* Helper.swift */; };
		E05EE5A3252A437D00BC5688 /* Menu.swift in Sources */ = {isa = PBXBuildFile; fileRef = E05EE59F252A437D00BC5688 /* Menu.swift */; };
		E05EE5A4252A437D00BC5688 /* Order.swift in Sources */ = {isa = PBXBuildFile; fileRef = E05EE5A0252A437D00BC5688 /* Order.swift */; };
		E05EE5A9252A49DE00BC5688 /* ItemRow.swift in Sources */ = {isa = PBXBuildFile; fileRef = E05EE5A8252A49DE00BC5688 /* ItemRow.swift */; };
		E05EE5B1252A4F7E00BC5688 /* ItemDetails.swift in Sources */ = {isa = PBXBuildFile; fileRef = E05EE5B0252A4F7E00BC5688 /* ItemDetails.swift */; };
		E05EE5B9252A574D00BC5688 /* OrderView.swift in Sources */ = {isa = PBXBuildFile; fileRef = E05EE5B8252A574D00BC5688 /* OrderView.swift */; };
		E05EE5BE252A58E100BC5688 /* AppView.swift in Sources */ = {isa = PBXBuildFile; fileRef = E05EE5BD252A58E100BC5688 /* AppView.swift */; };
/* End PBXBuildFile section */

/* Begin PBXContainerItemProxy section */
		E05EE57E252A3E8B00BC5688 /* PBXContainerItemProxy */ = {
			isa = PBXContainerItemProxy;
			containerPortal = E05EE55F252A3E7200BC5688 /* Project object */;
			proxyType = 1;
			remoteGlobalIDString = E05EE566252A3E7200BC5688;
			remoteInfo = SwiftUITutorial;
		};
		E05EE589252A3E8B00BC5688 /* PBXContainerItemProxy */ = {
			isa = PBXContainerItemProxy;
			containerPortal = E05EE55F252A3E7200BC5688 /* Project object */;
			proxyType = 1;
			remoteGlobalIDString = E05EE566252A3E7200BC5688;
			remoteInfo = SwiftUITutorial;
		};
/* End PBXContainerItemProxy section */

/* Begin PBXFileReference section */
		E05EE567252A3E7200BC5688 /* SwiftUITutorial.app */ = {isa = PBXFileReference; explicitFileType = wrapper.application; includeInIndex = 0; path = SwiftUITutorial.app; sourceTree = BUILT_PRODUCTS_DIR; };
		E05EE56A252A3E7300BC5688 /* AppDelegate.swift */ = {isa = PBXFileReference; lastKnownFileType = sourcecode.swift; path = AppDelegate.swift; sourceTree = "<group>"; };
		E05EE56C252A3E7300BC5688 /* SceneDelegate.swift */ = {isa = PBXFileReference; lastKnownFileType = sourcecode.swift; path = SceneDelegate.swift; sourceTree = "<group>"; };
		E05EE56E252A3E7300BC5688 /* ContentView.swift */ = {isa = PBXFileReference; lastKnownFileType = sourcecode.swift; path = ContentView.swift; sourceTree = "<group>"; };
		E05EE570252A3E8B00BC5688 /* Assets.xcassets */ = {isa = PBXFileReference; lastKnownFileType = folder.assetcatalog; path = Assets.xcassets; sourceTree = "<group>"; };
		E05EE573252A3E8B00BC5688 /* Preview Assets.xcassets */ = {isa = PBXFileReference; lastKnownFileType = folder.assetcatalog; path = "Preview Assets.xcassets"; sourceTree = "<group>"; };
		E05EE576252A3E8B00BC5688 /* Base */ = {isa = PBXFileReference; lastKnownFileType = file.storyboard; name = Base; path = Base.lproj/LaunchScreen.storyboard; sourceTree = "<group>"; };
		E05EE578252A3E8B00BC5688 /* Info.plist */ = {isa = PBXFileReference; lastKnownFileType = text.plist.xml; path = Info.plist; sourceTree = "<group>"; };
		E05EE57D252A3E8B00BC5688 /* SwiftUITutorialTests.xctest */ = {isa = PBXFileReference; explicitFileType = wrapper.cfbundle; includeInIndex = 0; path = SwiftUITutorialTests.xctest; sourceTree = BUILT_PRODUCTS_DIR; };
		E05EE581252A3E8B00BC5688 /* SwiftUITutorialTests.swift */ = {isa = PBXFileReference; lastKnownFileType = sourcecode.swift; path = SwiftUITutorialTests.swift; sourceTree = "<group>"; };
		E05EE583252A3E8B00BC5688 /* Info.plist */ = {isa = PBXFileReference; lastKnownFileType = text.plist.xml; path = Info.plist; sourceTree = "<group>"; };
		E05EE588252A3E8B00BC5688 /* SwiftUITutorialUITests.xctest */ = {isa = PBXFileReference; explicitFileType = wrapper.cfbundle; includeInIndex = 0; path = SwiftUITutorialUITests.xctest; sourceTree = BUILT_PRODUCTS_DIR; };
		E05EE58C252A3E8B00BC5688 /* SwiftUITutorialUITests.swift */ = {isa = PBXFileReference; lastKnownFileType = sourcecode.swift; path = SwiftUITutorialUITests.swift; sourceTree = "<group>"; };
		E05EE58E252A3E8B00BC5688 /* Info.plist */ = {isa = PBXFileReference; lastKnownFileType = text.plist.xml; path = Info.plist; sourceTree = "<group>"; };
		E05EE59D252A437C00BC5688 /* menu.json */ = {isa = PBXFileReference; fileEncoding = 4; lastKnownFileType = text.json; path = menu.json; sourceTree = "<group>"; };
		E05EE59E252A437C00BC5688 /* Helper.swift */ = {isa = PBXFileReference; fileEncoding = 4; lastKnownFileType = sourcecode.swift; path = Helper.swift; sourceTree = "<group>"; };
		E05EE59F252A437D00BC5688 /* Menu.swift */ = {isa = PBXFileReference; fileEncoding = 4; lastKnownFileType = sourcecode.swift; path = Menu.swift; sourceTree = "<group>"; };
		E05EE5A0252A437D00BC5688 /* Order.swift */ = {isa = PBXFileReference; fileEncoding = 4; lastKnownFileType = sourcecode.swift; path = Order.swift; sourceTree = "<group>"; };
		E05EE5A8252A49DE00BC5688 /* ItemRow.swift */ = {isa = PBXFileReference; lastKnownFileType = sourcecode.swift; path = ItemRow.swift; sourceTree = "<group>"; };
		E05EE5B0252A4F7E00BC5688 /* ItemDetails.swift */ = {isa = PBXFileReference; lastKnownFileType = sourcecode.swift; path = ItemDetails.swift; sourceTree = "<group>"; };
		E05EE5B8252A574D00BC5688 /* OrderView.swift */ = {isa = PBXFileReference; lastKnownFileType = sourcecode.swift; path = OrderView.swift; sourceTree = "<group>"; };
		E05EE5BD252A58E100BC5688 /* AppView.swift */ = {isa = PBXFileReference; lastKnownFileType = sourcecode.swift; path = AppView.swift; sourceTree = "<group>"; };
/* End PBXFileReference section */

/* Begin PBXFrameworksBuildPhase section */
		E05EE564252A3E7200BC5688 /* Frameworks */ = {
			isa = PBXFrameworksBuildPhase;
			buildActionMask = 2147483647;
			files = (
			);
			runOnlyForDeploymentPostprocessing = 0;
		};
		E05EE57A252A3E8B00BC5688 /* Frameworks */ = {
			isa = PBXFrameworksBuildPhase;
			buildActionMask = 2147483647;
			files = (
			);
			runOnlyForDeploymentPostprocessing = 0;
		};
		E05EE585252A3E8B00BC5688 /* Frameworks */ = {
			isa = PBXFrameworksBuildPhase;
			buildActionMask = 2147483647;
			files = (
			);
			runOnlyForDeploymentPostprocessing = 0;
		};
/* End PBXFrameworksBuildPhase section */

/* Begin PBXGroup section */
		E05EE55E252A3E7200BC5688 = {
			isa = PBXGroup;
			children = (
				E05EE569252A3E7300BC5688 /* SwiftUITutorial */,
				E05EE580252A3E8B00BC5688 /* SwiftUITutorialTests */,
				E05EE58B252A3E8B00BC5688 /* SwiftUITutorialUITests */,
				E05EE568252A3E7200BC5688 /* Products */,
			);
			sourceTree = "<group>";
		};
		E05EE568252A3E7200BC5688 /* Products */ = {
			isa = PBXGroup;
			children = (
				E05EE567252A3E7200BC5688 /* SwiftUITutorial.app */,
				E05EE57D252A3E8B00BC5688 /* SwiftUITutorialTests.xctest */,
				E05EE588252A3E8B00BC5688 /* SwiftUITutorialUITests.xctest */,
			);
			name = Products;
			sourceTree = "<group>";
		};
		E05EE569252A3E7300BC5688 /* SwiftUITutorial */ = {
			isa = PBXGroup;
			children = (
				E05EE56A252A3E7300BC5688 /* AppDelegate.swift */,
				E05EE56C252A3E7300BC5688 /* SceneDelegate.swift */,
				E05EE5BD252A58E100BC5688 /* AppView.swift */,
				E05EE5B8252A574D00BC5688 /* OrderView.swift */,
				E05EE56E252A3E7300BC5688 /* ContentView.swift */,
				E05EE5A8252A49DE00BC5688 /* ItemRow.swift */,
				E05EE5B0252A4F7E00BC5688 /* ItemDetails.swift */,
				E05EE570252A3E8B00BC5688 /* Assets.xcassets */,
				E05EE575252A3E8B00BC5688 /* LaunchScreen.storyboard */,
				E05EE578252A3E8B00BC5688 /* Info.plist */,
				E05EE59E252A437C00BC5688 /* Helper.swift */,
				E05EE59D252A437C00BC5688 /* menu.json */,
				E05EE59F252A437D00BC5688 /* Menu.swift */,
				E05EE5A0252A437D00BC5688 /* Order.swift */,
				E05EE572252A3E8B00BC5688 /* Preview Content */,
			);
			path = SwiftUITutorial;
			sourceTree = "<group>";
		};
		E05EE572252A3E8B00BC5688 /* Preview Content */ = {
			isa = PBXGroup;
			children = (
				E05EE573252A3E8B00BC5688 /* Preview Assets.xcassets */,
			);
			path = "Preview Content";
			sourceTree = "<group>";
		};
		E05EE580252A3E8B00BC5688 /* SwiftUITutorialTests */ = {
			isa = PBXGroup;
			children = (
				E05EE581252A3E8B00BC5688 /* SwiftUITutorialTests.swift */,
				E05EE583252A3E8B00BC5688 /* Info.plist */,
			);
			path = SwiftUITutorialTests;
			sourceTree = "<group>";
		};
		E05EE58B252A3E8B00BC5688 /* SwiftUITutorialUITests */ = {
			isa = PBXGroup;
			children = (
				E05EE58C252A3E8B00BC5688 /* SwiftUITutorialUITests.swift */,
				E05EE58E252A3E8B00BC5688 /* Info.plist */,
			);
			path = SwiftUITutorialUITests;
			sourceTree = "<group>";
		};
/* End PBXGroup section */

/* Begin PBXNativeTarget section */
		E05EE566252A3E7200BC5688 /* SwiftUITutorial */ = {
			isa = PBXNativeTarget;
			buildConfigurationList = E05EE591252A3E8B00BC5688 /* Build configuration list for PBXNativeTarget "SwiftUITutorial" */;
			buildPhases = (
				E05EE563252A3E7200BC5688 /* Sources */,
				E05EE564252A3E7200BC5688 /* Frameworks */,
				E05EE565252A3E7200BC5688 /* Resources */,
			);
			buildRules = (
			);
			dependencies = (
			);
			name = SwiftUITutorial;
			productName = SwiftUITutorial;
			productReference = E05EE567252A3E7200BC5688 /* SwiftUITutorial.app */;
			productType = "com.apple.product-type.application";
		};
		E05EE57C252A3E8B00BC5688 /* SwiftUITutorialTests */ = {
			isa = PBXNativeTarget;
			buildConfigurationList = E05EE594252A3E8B00BC5688 /* Build configuration list for PBXNativeTarget "SwiftUITutorialTests" */;
			buildPhases = (
				E05EE579252A3E8B00BC5688 /* Sources */,
				E05EE57A252A3E8B00BC5688 /* Frameworks */,
				E05EE57B252A3E8B00BC5688 /* Resources */,
			);
			buildRules = (
			);
			dependencies = (
				E05EE57F252A3E8B00BC5688 /* PBXTargetDependency */,
			);
			name = SwiftUITutorialTests;
			productName = SwiftUITutorialTests;
			productReference = E05EE57D252A3E8B00BC5688 /* SwiftUITutorialTests.xctest */;
			productType = "com.apple.product-type.bundle.unit-test";
		};
		E05EE587252A3E8B00BC5688 /* SwiftUITutorialUITests */ = {
			isa = PBXNativeTarget;
			buildConfigurationList = E05EE597252A3E8B00BC5688 /* Build configuration list for PBXNativeTarget "SwiftUITutorialUITests" */;
			buildPhases = (
				E05EE584252A3E8B00BC5688 /* Sources */,
				E05EE585252A3E8B00BC5688 /* Frameworks */,
				E05EE586252A3E8B00BC5688 /* Resources */,
			);
			buildRules = (
			);
			dependencies = (
				E05EE58A252A3E8B00BC5688 /* PBXTargetDependency */,
			);
			name = SwiftUITutorialUITests;
			productName = SwiftUITutorialUITests;
			productReference = E05EE588252A3E8B00BC5688 /* SwiftUITutorialUITests.xctest */;
			productType = "com.apple.product-type.bundle.ui-testing";
		};
/* End PBXNativeTarget section */

/* Begin PBXProject section */
		E05EE55F252A3E7200BC5688 /* Project object */ = {
			isa = PBXProject;
			attributes = {
				LastSwiftUpdateCheck = 1200;
				LastUpgradeCheck = 1200;
				TargetAttributes = {
					E05EE566252A3E7200BC5688 = {
						CreatedOnToolsVersion = 12.0.1;
					};
					E05EE57C252A3E8B00BC5688 = {
						CreatedOnToolsVersion = 12.0.1;
						TestTargetID = E05EE566252A3E7200BC5688;
					};
					E05EE587252A3E8B00BC5688 = {
						CreatedOnToolsVersion = 12.0.1;
						TestTargetID = E05EE566252A3E7200BC5688;
					};
				};
			};
			buildConfigurationList = E05EE562252A3E7200BC5688 /* Build configuration list for PBXProject "SwiftUITutorial" */;
			compatibilityVersion = "Xcode 9.3";
			developmentRegion = en;
			hasScannedForEncodings = 0;
			knownRegions = (
				en,
				Base,
			);
			mainGroup = E05EE55E252A3E7200BC5688;
			productRefGroup = E05EE568252A3E7200BC5688 /* Products */;
			projectDirPath = "";
			projectRoot = "";
			targets = (
				E05EE566252A3E7200BC5688 /* SwiftUITutorial */,
				E05EE57C252A3E8B00BC5688 /* SwiftUITutorialTests */,
				E05EE587252A3E8B00BC5688 /* SwiftUITutorialUITests */,
			);
		};
/* End PBXProject section */

/* Begin PBXResourcesBuildPhase section */
		E05EE565252A3E7200BC5688 /* Resources */ = {
			isa = PBXResourcesBuildPhase;
			buildActionMask = 2147483647;
			files = (
				E05EE577252A3E8B00BC5688 /* LaunchScreen.storyboard in Resources */,
				E05EE574252A3E8B00BC5688 /* Preview Assets.xcassets in Resources */,
				E05EE5A1252A437D00BC5688 /* menu.json in Resources */,
				E05EE571252A3E8B00BC5688 /* Assets.xcassets in Resources */,
			);
			runOnlyForDeploymentPostprocessing = 0;
		};
		E05EE57B252A3E8B00BC5688 /* Resources */ = {
			isa = PBXResourcesBuildPhase;
			buildActionMask = 2147483647;
			files = (
			);
			runOnlyForDeploymentPostprocessing = 0;
		};
		E05EE586252A3E8B00BC5688 /* Resources */ = {
			isa = PBXResourcesBuildPhase;
			buildActionMask = 2147483647;
			files = (
			);
			runOnlyForDeploymentPostprocessing = 0;
		};
/* End PBXResourcesBuildPhase section */

/* Begin PBXSourcesBuildPhase section */
		E05EE563252A3E7200BC5688 /* Sources */ = {
			isa = PBXSourcesBuildPhase;
			buildActionMask = 2147483647;
			files = (
				E05EE5A4252A437D00BC5688 /* Order.swift in Sources */,
				E05EE5B1252A4F7E00BC5688 /* ItemDetails.swift in Sources */,
				E05EE56B252A3E7300BC5688 /* AppDelegate.swift in Sources */,
				E05EE56D252A3E7300BC5688 /* SceneDelegate.swift in Sources */,
				E05EE5A9252A49DE00BC5688 /* ItemRow.swift in Sources */,
				E05EE56F252A3E7300BC5688 /* ContentView.swift in Sources */,
				E05EE5B9252A574D00BC5688 /* OrderView.swift in Sources */,
				E05EE5A2252A437D00BC5688 /* Helper.swift in Sources */,
				E05EE5BE252A58E100BC5688 /* AppView.swift in Sources */,
				E05EE5A3252A437D00BC5688 /* Menu.swift in Sources */,
			);
			runOnlyForDeploymentPostprocessing = 0;
		};
		E05EE579252A3E8B00BC5688 /* Sources */ = {
			isa = PBXSourcesBuildPhase;
			buildActionMask = 2147483647;
			files = (
				E05EE582252A3E8B00BC5688 /* SwiftUITutorialTests.swift in Sources */,
			);
			runOnlyForDeploymentPostprocessing = 0;
		};
		E05EE584252A3E8B00BC5688 /* Sources */ = {
			isa = PBXSourcesBuildPhase;
			buildActionMask = 2147483647;
			files = (
				E05EE58D252A3E8B00BC5688 /* SwiftUITutorialUITests.swift in Sources */,
			);
			runOnlyForDeploymentPostprocessing = 0;
		};
/* End PBXSourcesBuildPhase section */

/* Begin PBXTargetDependency section */
		E05EE57F252A3E8B00BC5688 /* PBXTargetDependency */ = {
			isa = PBXTargetDependency;
			target = E05EE566252A3E7200BC5688 /* SwiftUITutorial */;
			targetProxy = E05EE57E252A3E8B00BC5688 /* PBXContainerItemProxy */;
		};
		E05EE58A252A3E8B00BC5688 /* PBXTargetDependency */ = {
			isa = PBXTargetDependency;
			target = E05EE566252A3E7200BC5688 /* SwiftUITutorial */;
			targetProxy = E05EE589252A3E8B00BC5688 /* PBXContainerItemProxy */;
		};
/* End PBXTargetDependency section */

/* Begin PBXVariantGroup section */
		E05EE575252A3E8B00BC5688 /* LaunchScreen.storyboard */ = {
			isa = PBXVariantGroup;
			children = (
				E05EE576252A3E8B00BC5688 /* Base */,
			);
			name = LaunchScreen.storyboard;
			sourceTree = "<group>";
		};
/* End PBXVariantGroup section */

/* Begin XCBuildConfiguration section */
		E05EE58F252A3E8B00BC5688 /* Debug */ = {
			isa = XCBuildConfiguration;
			buildSettings = {
				ALWAYS_SEARCH_USER_PATHS = NO;
				CLANG_ANALYZER_NONNULL = YES;
				CLANG_ANALYZER_NUMBER_OBJECT_CONVERSION = YES_AGGRESSIVE;
				CLANG_CXX_LANGUAGE_STANDARD = "gnu++14";
				CLANG_CXX_LIBRARY = "libc++";
				CLANG_ENABLE_MODULES = YES;
				CLANG_ENABLE_OBJC_ARC = YES;
				CLANG_ENABLE_OBJC_WEAK = YES;
				CLANG_WARN_BLOCK_CAPTURE_AUTORELEASING = YES;
				CLANG_WARN_BOOL_CONVERSION = YES;
				CLANG_WARN_COMMA = YES;
				CLANG_WARN_CONSTANT_CONVERSION = YES;
				CLANG_WARN_DEPRECATED_OBJC_IMPLEMENTATIONS = YES;
				CLANG_WARN_DIRECT_OBJC_ISA_USAGE = YES_ERROR;
				CLANG_WARN_DOCUMENTATION_COMMENTS = YES;
				CLANG_WARN_EMPTY_BODY = YES;
				CLANG_WARN_ENUM_CONVERSION = YES;
				CLANG_WARN_INFINITE_RECURSION = YES;
				CLANG_WARN_INT_CONVERSION = YES;
				CLANG_WARN_NON_LITERAL_NULL_CONVERSION = YES;
				CLANG_WARN_OBJC_IMPLICIT_RETAIN_SELF = YES;
				CLANG_WARN_OBJC_LITERAL_CONVERSION = YES;
				CLANG_WARN_OBJC_ROOT_CLASS = YES_ERROR;
				CLANG_WARN_QUOTED_INCLUDE_IN_FRAMEWORK_HEADER = YES;
				CLANG_WARN_RANGE_LOOP_ANALYSIS = YES;
				CLANG_WARN_STRICT_PROTOTYPES = YES;
				CLANG_WARN_SUSPICIOUS_MOVE = YES;
				CLANG_WARN_UNGUARDED_AVAILABILITY = YES_AGGRESSIVE;
				CLANG_WARN_UNREACHABLE_CODE = YES;
				CLANG_WARN__DUPLICATE_METHOD_MATCH = YES;
				COPY_PHASE_STRIP = NO;
				DEBUG_INFORMATION_FORMAT = dwarf;
				ENABLE_STRICT_OBJC_MSGSEND = YES;
				ENABLE_TESTABILITY = YES;
				GCC_C_LANGUAGE_STANDARD = gnu11;
				GCC_DYNAMIC_NO_PIC = NO;
				GCC_NO_COMMON_BLOCKS = YES;
				GCC_OPTIMIZATION_LEVEL = 0;
				GCC_PREPROCESSOR_DEFINITIONS = (
					"DEBUG=1",
					"$(inherited)",
				);
				GCC_WARN_64_TO_32_BIT_CONVERSION = YES;
				GCC_WARN_ABOUT_RETURN_TYPE = YES_ERROR;
				GCC_WARN_UNDECLARED_SELECTOR = YES;
				GCC_WARN_UNINITIALIZED_AUTOS = YES_AGGRESSIVE;
				GCC_WARN_UNUSED_FUNCTION = YES;
				GCC_WARN_UNUSED_VARIABLE = YES;
				IPHONEOS_DEPLOYMENT_TARGET = 14.0;
				MTL_ENABLE_DEBUG_INFO = INCLUDE_SOURCE;
				MTL_FAST_MATH = YES;
				ONLY_ACTIVE_ARCH = YES;
				SDKROOT = iphoneos;
				SWIFT_ACTIVE_COMPILATION_CONDITIONS = DEBUG;
				SWIFT_OPTIMIZATION_LEVEL = "-Onone";
			};
			name = Debug;
		};
		E05EE590252A3E8B00BC5688 /* Release */ = {
			isa = XCBuildConfiguration;
			buildSettings = {
				ALWAYS_SEARCH_USER_PATHS = NO;
				CLANG_ANALYZER_NONNULL = YES;
				CLANG_ANALYZER_NUMBER_OBJECT_CONVERSION = YES_AGGRESSIVE;
				CLANG_CXX_LANGUAGE_STANDARD = "gnu++14";
				CLANG_CXX_LIBRARY = "libc++";
				CLANG_ENABLE_MODULES = YES;
				CLANG_ENABLE_OBJC_ARC = YES;
				CLANG_ENABLE_OBJC_WEAK = YES;
				CLANG_WARN_BLOCK_CAPTURE_AUTORELEASING = YES;
				CLANG_WARN_BOOL_CONVERSION = YES;
				CLANG_WARN_COMMA = YES;
				CLANG_WARN_CONSTANT_CONVERSION = YES;
				CLANG_WARN_DEPRECATED_OBJC_IMPLEMENTATIONS = YES;
				CLANG_WARN_DIRECT_OBJC_ISA_USAGE = YES_ERROR;
				CLANG_WARN_DOCUMENTATION_COMMENTS = YES;
				CLANG_WARN_EMPTY_BODY = YES;
				CLANG_WARN_ENUM_CONVERSION = YES;
				CLANG_WARN_INFINITE_RECURSION = YES;
				CLANG_WARN_INT_CONVERSION = YES;
				CLANG_WARN_NON_LITERAL_NULL_CONVERSION = YES;
				CLANG_WARN_OBJC_IMPLICIT_RETAIN_SELF = YES;
				CLANG_WARN_OBJC_LITERAL_CONVERSION = YES;
				CLANG_WARN_OBJC_ROOT_CLASS = YES_ERROR;
				CLANG_WARN_QUOTED_INCLUDE_IN_FRAMEWORK_HEADER = YES;
				CLANG_WARN_RANGE_LOOP_ANALYSIS = YES;
				CLANG_WARN_STRICT_PROTOTYPES = YES;
				CLANG_WARN_SUSPICIOUS_MOVE = YES;
				CLANG_WARN_UNGUARDED_AVAILABILITY = YES_AGGRESSIVE;
				CLANG_WARN_UNREACHABLE_CODE = YES;
				CLANG_WARN__DUPLICATE_METHOD_MATCH = YES;
				COPY_PHASE_STRIP = NO;
				DEBUG_INFORMATION_FORMAT = "dwarf-with-dsym";
				ENABLE_NS_ASSERTIONS = NO;
				ENABLE_STRICT_OBJC_MSGSEND = YES;
				GCC_C_LANGUAGE_STANDARD = gnu11;
				GCC_NO_COMMON_BLOCKS = YES;
				GCC_WARN_64_TO_32_BIT_CONVERSION = YES;
				GCC_WARN_ABOUT_RETURN_TYPE = YES_ERROR;
				GCC_WARN_UNDECLARED_SELECTOR = YES;
				GCC_WARN_UNINITIALIZED_AUTOS = YES_AGGRESSIVE;
				GCC_WARN_UNUSED_FUNCTION = YES;
				GCC_WARN_UNUSED_VARIABLE = YES;
				IPHONEOS_DEPLOYMENT_TARGET = 14.0;
				MTL_ENABLE_DEBUG_INFO = NO;
				MTL_FAST_MATH = YES;
				SDKROOT = iphoneos;
				SWIFT_COMPILATION_MODE = wholemodule;
				SWIFT_OPTIMIZATION_LEVEL = "-O";
				VALIDATE_PRODUCT = YES;
			};
			name = Release;
		};
		E05EE592252A3E8B00BC5688 /* Debug */ = {
			isa = XCBuildConfiguration;
			buildSettings = {
				ASSETCATALOG_COMPILER_APPICON_NAME = AppIcon;
				ASSETCATALOG_COMPILER_GLOBAL_ACCENT_COLOR_NAME = AccentColor;
				CODE_SIGN_STYLE = Automatic;
				DEVELOPMENT_ASSET_PATHS = "\"SwiftUITutorial/Preview Content\"";
				DEVELOPMENT_TEAM = 6UM38257XK;
				ENABLE_PREVIEWS = YES;
				INFOPLIST_FILE = SwiftUITutorial/Info.plist;
				LD_RUNPATH_SEARCH_PATHS = (
					"$(inherited)",
					"@executable_path/Frameworks",
				);
				PRODUCT_BUNDLE_IDENTIFIER = com.mhdbenabdallah.SwiftUITutorial;
				PRODUCT_NAME = "$(TARGET_NAME)";
				SWIFT_VERSION = 5.0;
				TARGETED_DEVICE_FAMILY = "1,2";
			};
			name = Debug;
		};
		E05EE593252A3E8B00BC5688 /* Release */ = {
			isa = XCBuildConfiguration;
			buildSettings = {
				ASSETCATALOG_COMPILER_APPICON_NAME = AppIcon;
				ASSETCATALOG_COMPILER_GLOBAL_ACCENT_COLOR_NAME = AccentColor;
				CODE_SIGN_STYLE = Automatic;
				DEVELOPMENT_ASSET_PATHS = "\"SwiftUITutorial/Preview Content\"";
				DEVELOPMENT_TEAM = 6UM38257XK;
				ENABLE_PREVIEWS = YES;
				INFOPLIST_FILE = SwiftUITutorial/Info.plist;
				LD_RUNPATH_SEARCH_PATHS = (
					"$(inherited)",
					"@executable_path/Frameworks",
				);
				PRODUCT_BUNDLE_IDENTIFIER = com.mhdbenabdallah.SwiftUITutorial;
				PRODUCT_NAME = "$(TARGET_NAME)";
				SWIFT_VERSION = 5.0;
				TARGETED_DEVICE_FAMILY = "1,2";
			};
			name = Release;
		};
		E05EE595252A3E8B00BC5688 /* Debug */ = {
			isa = XCBuildConfiguration;
			buildSettings = {
				ALWAYS_EMBED_SWIFT_STANDARD_LIBRARIES = YES;
				BUNDLE_LOADER = "$(TEST_HOST)";
				CODE_SIGN_STYLE = Automatic;
				DEVELOPMENT_TEAM = 6UM38257XK;
				INFOPLIST_FILE = SwiftUITutorialTests/Info.plist;
				IPHONEOS_DEPLOYMENT_TARGET = 14.0;
				LD_RUNPATH_SEARCH_PATHS = (
					"$(inherited)",
					"@executable_path/Frameworks",
					"@loader_path/Frameworks",
				);
				PRODUCT_BUNDLE_IDENTIFIER = com.mhdbenabdallah.SwiftUITutorialTests;
				PRODUCT_NAME = "$(TARGET_NAME)";
				SWIFT_VERSION = 5.0;
				TARGETED_DEVICE_FAMILY = "1,2";
				TEST_HOST = "$(BUILT_PRODUCTS_DIR)/SwiftUITutorial.app/SwiftUITutorial";
			};
			name = Debug;
		};
		E05EE596252A3E8B00BC5688 /* Release */ = {
			isa = XCBuildConfiguration;
			buildSettings = {
				ALWAYS_EMBED_SWIFT_STANDARD_LIBRARIES = YES;
				BUNDLE_LOADER = "$(TEST_HOST)";
				CODE_SIGN_STYLE = Automatic;
				DEVELOPMENT_TEAM = 6UM38257XK;
				INFOPLIST_FILE = SwiftUITutorialTests/Info.plist;
				IPHONEOS_DEPLOYMENT_TARGET = 14.0;
				LD_RUNPATH_SEARCH_PATHS = (
					"$(inherited)",
					"@executable_path/Frameworks",
					"@loader_path/Frameworks",
				);
				PRODUCT_BUNDLE_IDENTIFIER = com.mhdbenabdallah.SwiftUITutorialTests;
				PRODUCT_NAME = "$(TARGET_NAME)";
				SWIFT_VERSION = 5.0;
				TARGETED_DEVICE_FAMILY = "1,2";
				TEST_HOST = "$(BUILT_PRODUCTS_DIR)/SwiftUITutorial.app/SwiftUITutorial";
			};
			name = Release;
		};
		E05EE598252A3E8B00BC5688 /* Debug */ = {
			isa = XCBuildConfiguration;
			buildSettings = {
				ALWAYS_EMBED_SWIFT_STANDARD_LIBRARIES = YES;
				CODE_SIGN_STYLE = Automatic;
				DEVELOPMENT_TEAM = 6UM38257XK;
				INFOPLIST_FILE = SwiftUITutorialUITests/Info.plist;
				LD_RUNPATH_SEARCH_PATHS = (
					"$(inherited)",
					"@executable_path/Frameworks",
					"@loader_path/Frameworks",
				);
				PRODUCT_BUNDLE_IDENTIFIER = com.mhdbenabdallah.SwiftUITutorialUITests;
				PRODUCT_NAME = "$(TARGET_NAME)";
				SWIFT_VERSION = 5.0;
				TARGETED_DEVICE_FAMILY = "1,2";
				TEST_TARGET_NAME = SwiftUITutorial;
			};
			name = Debug;
		};
		E05EE599252A3E8B00BC5688 /* Release */ = {
			isa = XCBuildConfiguration;
			buildSettings = {
				ALWAYS_EMBED_SWIFT_STANDARD_LIBRARIES = YES;
				CODE_SIGN_STYLE = Automatic;
				DEVELOPMENT_TEAM = 6UM38257XK;
				INFOPLIST_FILE = SwiftUITutorialUITests/Info.plist;
				LD_RUNPATH_SEARCH_PATHS = (
					"$(inherited)",
					"@executable_path/Frameworks",
					"@loader_path/Frameworks",
				);
				PRODUCT_BUNDLE_IDENTIFIER = com.mhdbenabdallah.SwiftUITutorialUITests;
				PRODUCT_NAME = "$(TARGET_NAME)";
				SWIFT_VERSION = 5.0;
				TARGETED_DEVICE_FAMILY = "1,2";
				TEST_TARGET_NAME = SwiftUITutorial;
			};
			name = Release;
		};
/* End XCBuildConfiguration section */

/* Begin XCConfigurationList section */
		E05EE562252A3E7200BC5688 /* Build configuration list for PBXProject "SwiftUITutorial" */ = {
			isa = XCConfigurationList;
			buildConfigurations = (
				E05EE58F252A3E8B00BC5688 /* Debug */,
				E05EE590252A3E8B00BC5688 /* Release */,
			);
			defaultConfigurationIsVisible = 0;
			defaultConfigurationName = Release;
		};
		E05EE591252A3E8B00BC5688 /* Build configuration list for PBXNativeTarget "SwiftUITutorial" */ = {
			isa = XCConfigurationList;
			buildConfigurations = (
				E05EE592252A3E8B00BC5688 /* Debug */,
				E05EE593252A3E8B00BC5688 /* Release */,
			);
			defaultConfigurationIsVisible = 0;
			defaultConfigurationName = Release;
		};
		E05EE594252A3E8B00BC5688 /* Build configuration list for PBXNativeTarget "SwiftUITutorialTests" */ = {
			isa = XCConfigurationList;
			buildConfigurations = (
				E05EE595252A3E8B00BC5688 /* Debug */,
				E05EE596252A3E8B00BC5688 /* Release */,
			);
			defaultConfigurationIsVisible = 0;
			defaultConfigurationName = Release;
		};
		E05EE597252A3E8B00BC5688 /* Build configuration list for PBXNativeTarget "SwiftUITutorialUITests" */ = {
			isa = XCConfigurationList;
			buildConfigurations = (
				E05EE598252A3E8B00BC5688 /* Debug */,
				E05EE599252A3E8B00BC5688 /* Release */,
			);
			defaultConfigurationIsVisible = 0;
			defaultConfigurationName = Release;
		};
/* End XCConfigurationList section */
	};
	rootObject = E05EE55F252A3E7200BC5688 /* Project object */;
}
